<?xml version="1.0" encoding="utf-8"?>
<Project ToolsVersion="4.0" xmlns="http://schemas.microsoft.com/developer/msbuild/2003">
  <ItemGroup>
    <ClCompile Include="Collision.cpp" />
    <ClCompile Include="MapObject.cpp" />
    <ClCompile Include="StaticObject.cpp" />
    <ClCompile Include="DynamicObject.cpp" />
    <ClCompile Include="InteractiveObject.cpp" />
    <ClCompile Include="Action.cpp" />
    <ClCompile Include="Actor.cpp" />
    <ClCompile Include="Way.cpp" />
    <ClCompile Include="WayPoint.cpp" />
    <ClCompile Include="MapManager.cpp" />
    <ClCompile Include="MapSector.cpp" />
    <ClCompile Include="MapLoader.cpp" />
    <ClCompile Include="MapParser.cpp" />
  </ItemGroup>
  <ItemGroup>
    <ClInclude Include="..\include\SFRPG\Collision.h" />
    <ClInclude Include="..\include\SFRPG\MapObject.h" />
    <ClInclude Include="..\include\SFRPG\StaticObject.h" />
    <ClInclude Include="..\include\SFRPG\DynamicObject.h" />
    <ClInclude Include="..\include\SFRPG\InteractiveObject.h" />
    <ClInclude Include="..\include\SFRPG\Action.h" />
    <ClInclude Include="..\include\SFRPG\Actor.h" />
    <ClInclude Include="..\include\SFRPG\Way.h" />
    <ClInclude Include="..\include\SFRPG\WayPoint.h" />
    <ClInclude Include="..\include\SFRPG\MapManager.h" />
    <ClInclude Include="..\include\SFRPG\MapSector.h" />
    <ClInclude Include="..\include\SFRPG\MapLoader.h" />
    <ClInclude Include="MapParser.h" />
    <ClInclude Include="..\include\SFRPG\TileDescription.h" />
    <ClInclude Include="PathDescription.h" />
    <ClInclude Include="..\include\SFRPG\MapSectorDesc.h" />
  </ItemGroup>
</Project>