Microsoft Visual Studio Solution File, Format Version 12.00
# Visual Studio 14
VisualStudioVersion = 14.0.25123.0
MinimumVisualStudioVersion = 10.0.40219.1
Project("{8BC9CEB8-8B4A-11D0-8D11-00A0C91BC942}") = "ALL_BUILD", "ALL_BUILD.vcxproj", "{F9934C61-02FB-3ED2-9102-B529FE10E012}"
	ProjectSection(ProjectDependencies) = postProject
		{F701D105-DD99-3B0E-8BEF-61F0FB85A218} = {F701D105-DD99-3B0E-8BEF-61F0FB85A218}
		{904D720F-2A3A-3A2F-A206-565BB8BC04F0} = {904D720F-2A3A-3A2F-A206-565BB8BC04F0}
		{0629842D-3532-3162-9FF9-6BDDE06D6DB5} = {0629842D-3532-3162-9FF9-6BDDE06D6DB5}
		{B1B3B5C2-E2F3-35F5-BE7F-E0B6E8453DA4} = {B1B3B5C2-E2F3-35F5-BE7F-E0B6E8453DA4}
		{60F80182-EF1D-3CAA-9FFE-F1E26EB57229} = {60F80182-EF1D-3CAA-9FFE-F1E26EB57229}
		{F8D10019-0637-3489-AE05-EF3E9AB50CBE} = {F8D10019-0637-3489-AE05-EF3E9AB50CBE}
		{2B4E9400-D58E-343E-B0C3-C7A46B39BC86} = {2B4E9400-D58E-343E-B0C3-C7A46B39BC86}
	EndProjectSection
EndProject
Project("{8BC9CEB8-8B4A-11D0-8D11-00A0C91BC942}") = "ZERO_CHECK", "ZERO_CHECK.vcxproj", "{F701D105-DD99-3B0E-8BEF-61F0FB85A218}"
EndProject
Project("{8BC9CEB8-8B4A-11D0-8D11-00A0C91BC942}") = "sfml-audio", "src\SFML\Audio\sfml-audio.vcxproj", "{904D720F-2A3A-3A2F-A206-565BB8BC04F0}"
	ProjectSection(ProjectDependencies) = postProject
		{F701D105-DD99-3B0E-8BEF-61F0FB85A218} = {F701D105-DD99-3B0E-8BEF-61F0FB85A218}
		{F8D10019-0637-3489-AE05-EF3E9AB50CBE} = {F8D10019-0637-3489-AE05-EF3E9AB50CBE}
	EndProjectSection
EndProject
Project("{8BC9CEB8-8B4A-11D0-8D11-00A0C91BC942}") = "sfml-graphics", "src\SFML\Graphics\sfml-graphics.vcxproj", "{0629842D-3532-3162-9FF9-6BDDE06D6DB5}"
	ProjectSection(ProjectDependencies) = postProject
		{F701D105-DD99-3B0E-8BEF-61F0FB85A218} = {F701D105-DD99-3B0E-8BEF-61F0FB85A218}
		{F8D10019-0637-3489-AE05-EF3E9AB50CBE} = {F8D10019-0637-3489-AE05-EF3E9AB50CBE}
		{2B4E9400-D58E-343E-B0C3-C7A46B39BC86} = {2B4E9400-D58E-343E-B0C3-C7A46B39BC86}
	EndProjectSection
EndProject
Project("{8BC9CEB8-8B4A-11D0-8D11-00A0C91BC942}") = "sfml-main", "src\SFML\Main\sfml-main.vcxproj", "{B1B3B5C2-E2F3-35F5-BE7F-E0B6E8453DA4}"
	ProjectSection(ProjectDependencies) = postProject
		{F701D105-DD99-3B0E-8BEF-61F0FB85A218} = {F701D105-DD99-3B0E-8BEF-61F0FB85A218}
	EndProjectSection
EndProject
Project("{8BC9CEB8-8B4A-11D0-8D11-00A0C91BC942}") = "sfml-network", "src\SFML\Network\sfml-network.vcxproj", "{60F80182-EF1D-3CAA-9FFE-F1E26EB57229}"
	ProjectSection(ProjectDependencies) = postProject
		{F701D105-DD99-3B0E-8BEF-61F0FB85A218} = {F701D105-DD99-3B0E-8BEF-61F0FB85A218}
		{F8D10019-0637-3489-AE05-EF3E9AB50CBE} = {F8D10019-0637-3489-AE05-EF3E9AB50CBE}
	EndProjectSection
EndProject
Project("{8BC9CEB8-8B4A-11D0-8D11-00A0C91BC942}") = "sfml-system", "src\SFML\System\sfml-system.vcxproj", "{F8D10019-0637-3489-AE05-EF3E9AB50CBE}"
	ProjectSection(ProjectDependencies) = postProject
		{F701D105-DD99-3B0E-8BEF-61F0FB85A218} = {F701D105-DD99-3B0E-8BEF-61F0FB85A218}
	EndProjectSection
EndProject
Project("{8BC9CEB8-8B4A-11D0-8D11-00A0C91BC942}") = "sfml-window", "src\SFML\Window\sfml-window.vcxproj", "{2B4E9400-D58E-343E-B0C3-C7A46B39BC86}"
	ProjectSection(ProjectDependencies) = postProject
		{F701D105-DD99-3B0E-8BEF-61F0FB85A218} = {F701D105-DD99-3B0E-8BEF-61F0FB85A218}
		{F8D10019-0637-3489-AE05-EF3E9AB50CBE} = {F8D10019-0637-3489-AE05-EF3E9AB50CBE}
	EndProjectSection
EndProject
Project("{2150E333-8FDC-42A3-9474-1A3956D46DE8}") = "CMake", "CMake", "{B3F0C2B7-E9E1-3219-8341-10B798589E08}"
EndProject
Project("{2150E333-8FDC-42A3-9474-1A3956D46DE8}") = "SFML", "SFML", "{FB818DDC-7216-3D88-AB7E-513E03529637}"
EndProject
Global
	GlobalSection(SolutionConfigurationPlatforms) = preSolution
		Debug|x64 = Debug|x64
		MinSizeRel|x64 = MinSizeRel|x64
		Release|x64 = Release|x64
		RelWithDebInfo|x64 = RelWithDebInfo|x64
	EndGlobalSection
	GlobalSection(ProjectConfigurationPlatforms) = postSolution
		{F9934C61-02FB-3ED2-9102-B529FE10E012}.Debug|x64.ActiveCfg = Debug|x64
		{F9934C61-02FB-3ED2-9102-B529FE10E012}.Debug|x64.Build.0 = Debug|x64
		{F9934C61-02FB-3ED2-9102-B529FE10E012}.MinSizeRel|x64.ActiveCfg = MinSizeRel|x64
		{F9934C61-02FB-3ED2-9102-B529FE10E012}.MinSizeRel|x64.Build.0 = MinSizeRel|x64
		{F9934C61-02FB-3ED2-9102-B529FE10E012}.Release|x64.ActiveCfg = Release|x64
		{F9934C61-02FB-3ED2-9102-B529FE10E012}.Release|x64.Build.0 = Release|x64
		{F9934C61-02FB-3ED2-9102-B529FE10E012}.RelWithDebInfo|x64.ActiveCfg = RelWithDebInfo|x64
		{F9934C61-02FB-3ED2-9102-B529FE10E012}.RelWithDebInfo|x64.Build.0 = RelWithDebInfo|x64
		{F701D105-DD99-3B0E-8BEF-61F0FB85A218}.Debug|x64.ActiveCfg = Debug|x64
		{F701D105-DD99-3B0E-8BEF-61F0FB85A218}.Debug|x64.Build.0 = Debug|x64
		{F701D105-DD99-3B0E-8BEF-61F0FB85A218}.MinSizeRel|x64.ActiveCfg = MinSizeRel|x64
		{F701D105-DD99-3B0E-8BEF-61F0FB85A218}.MinSizeRel|x64.Build.0 = MinSizeRel|x64
		{F701D105-DD99-3B0E-8BEF-61F0FB85A218}.Release|x64.ActiveCfg = Release|x64
		{F701D105-DD99-3B0E-8BEF-61F0FB85A218}.Release|x64.Build.0 = Release|x64
		{F701D105-DD99-3B0E-8BEF-61F0FB85A218}.RelWithDebInfo|x64.ActiveCfg = RelWithDebInfo|x64
		{F701D105-DD99-3B0E-8BEF-61F0FB85A218}.RelWithDebInfo|x64.Build.0 = RelWithDebInfo|x64
		{904D720F-2A3A-3A2F-A206-565BB8BC04F0}.Debug|x64.ActiveCfg = Debug|x64
		{904D720F-2A3A-3A2F-A206-565BB8BC04F0}.Debug|x64.Build.0 = Debug|x64
		{904D720F-2A3A-3A2F-A206-565BB8BC04F0}.MinSizeRel|x64.ActiveCfg = MinSizeRel|x64
		{904D720F-2A3A-3A2F-A206-565BB8BC04F0}.MinSizeRel|x64.Build.0 = MinSizeRel|x64
		{904D720F-2A3A-3A2F-A206-565BB8BC04F0}.Release|x64.ActiveCfg = Release|x64
		{904D720F-2A3A-3A2F-A206-565BB8BC04F0}.Release|x64.Build.0 = Release|x64
		{904D720F-2A3A-3A2F-A206-565BB8BC04F0}.RelWithDebInfo|x64.ActiveCfg = RelWithDebInfo|x64
		{904D720F-2A3A-3A2F-A206-565BB8BC04F0}.RelWithDebInfo|x64.Build.0 = RelWithDebInfo|x64
		{0629842D-3532-3162-9FF9-6BDDE06D6DB5}.Debug|x64.ActiveCfg = Debug|x64
		{0629842D-3532-3162-9FF9-6BDDE06D6DB5}.Debug|x64.Build.0 = Debug|x64
		{0629842D-3532-3162-9FF9-6BDDE06D6DB5}.MinSizeRel|x64.ActiveCfg = MinSizeRel|x64
		{0629842D-3532-3162-9FF9-6BDDE06D6DB5}.MinSizeRel|x64.Build.0 = MinSizeRel|x64
		{0629842D-3532-3162-9FF9-6BDDE06D6DB5}.Release|x64.ActiveCfg = Release|x64
		{0629842D-3532-3162-9FF9-6BDDE06D6DB5}.Release|x64.Build.0 = Release|x64
		{0629842D-3532-3162-9FF9-6BDDE06D6DB5}.RelWithDebInfo|x64.ActiveCfg = RelWithDebInfo|x64
		{0629842D-3532-3162-9FF9-6BDDE06D6DB5}.RelWithDebInfo|x64.Build.0 = RelWithDebInfo|x64
		{B1B3B5C2-E2F3-35F5-BE7F-E0B6E8453DA4}.Debug|x64.ActiveCfg = Debug|x64
		{B1B3B5C2-E2F3-35F5-BE7F-E0B6E8453DA4}.Debug|x64.Build.0 = Debug|x64
		{B1B3B5C2-E2F3-35F5-BE7F-E0B6E8453DA4}.MinSizeRel|x64.ActiveCfg = MinSizeRel|x64
		{B1B3B5C2-E2F3-35F5-BE7F-E0B6E8453DA4}.MinSizeRel|x64.Build.0 = MinSizeRel|x64
		{B1B3B5C2-E2F3-35F5-BE7F-E0B6E8453DA4}.Release|x64.ActiveCfg = Release|x64
		{B1B3B5C2-E2F3-35F5-BE7F-E0B6E8453DA4}.Release|x64.Build.0 = Release|x64
		{B1B3B5C2-E2F3-35F5-BE7F-E0B6E8453DA4}.RelWithDebInfo|x64.ActiveCfg = RelWithDebInfo|x64
		{B1B3B5C2-E2F3-35F5-BE7F-E0B6E8453DA4}.RelWithDebInfo|x64.Build.0 = RelWithDebInfo|x64
		{60F80182-EF1D-3CAA-9FFE-F1E26EB57229}.Debug|x64.ActiveCfg = Debug|x64
		{60F80182-EF1D-3CAA-9FFE-F1E26EB57229}.Debug|x64.Build.0 = Debug|x64
		{60F80182-EF1D-3CAA-9FFE-F1E26EB57229}.MinSizeRel|x64.ActiveCfg = MinSizeRel|x64
		{60F80182-EF1D-3CAA-9FFE-F1E26EB57229}.MinSizeRel|x64.Build.0 = MinSizeRel|x64
		{60F80182-EF1D-3CAA-9FFE-F1E26EB57229}.Release|x64.ActiveCfg = Release|x64
		{60F80182-EF1D-3CAA-9FFE-F1E26EB57229}.Release|x64.Build.0 = Release|x64
		{60F80182-EF1D-3CAA-9FFE-F1E26EB57229}.RelWithDebInfo|x64.ActiveCfg = RelWithDebInfo|x64
		{60F80182-EF1D-3CAA-9FFE-F1E26EB57229}.RelWithDebInfo|x64.Build.0 = RelWithDebInfo|x64
		{F8D10019-0637-3489-AE05-EF3E9AB50CBE}.Debug|x64.ActiveCfg = Debug|x64
		{F8D10019-0637-3489-AE05-EF3E9AB50CBE}.Debug|x64.Build.0 = Debug|x64
		{F8D10019-0637-3489-AE05-EF3E9AB50CBE}.MinSizeRel|x64.ActiveCfg = MinSizeRel|x64
		{F8D10019-0637-3489-AE05-EF3E9AB50CBE}.MinSizeRel|x64.Build.0 = MinSizeRel|x64
		{F8D10019-0637-3489-AE05-EF3E9AB50CBE}.Release|x64.ActiveCfg = Release|x64
		{F8D10019-0637-3489-AE05-EF3E9AB50CBE}.Release|x64.Build.0 = Release|x64
		{F8D10019-0637-3489-AE05-EF3E9AB50CBE}.RelWithDebInfo|x64.ActiveCfg = RelWithDebInfo|x64
		{F8D10019-0637-3489-AE05-EF3E9AB50CBE}.RelWithDebInfo|x64.Build.0 = RelWithDebInfo|x64
		{2B4E9400-D58E-343E-B0C3-C7A46B39BC86}.Debug|x64.ActiveCfg = Debug|x64
		{2B4E9400-D58E-343E-B0C3-C7A46B39BC86}.Debug|x64.Build.0 = Debug|x64
		{2B4E9400-D58E-343E-B0C3-C7A46B39BC86}.MinSizeRel|x64.ActiveCfg = MinSizeRel|x64
		{2B4E9400-D58E-343E-B0C3-C7A46B39BC86}.MinSizeRel|x64.Build.0 = MinSizeRel|x64
		{2B4E9400-D58E-343E-B0C3-C7A46B39BC86}.Release|x64.ActiveCfg = Release|x64
		{2B4E9400-D58E-343E-B0C3-C7A46B39BC86}.Release|x64.Build.0 = Release|x64
		{2B4E9400-D58E-343E-B0C3-C7A46B39BC86}.RelWithDebInfo|x64.ActiveCfg = RelWithDebInfo|x64
		{2B4E9400-D58E-343E-B0C3-C7A46B39BC86}.RelWithDebInfo|x64.Build.0 = RelWithDebInfo|x64
	EndGlobalSection
	GlobalSection(SolutionProperties) = preSolution
		HideSolutionNode = FALSE
	EndGlobalSection
	GlobalSection(NestedProjects) = preSolution
		{F701D105-DD99-3B0E-8BEF-61F0FB85A218} = {B3F0C2B7-E9E1-3219-8341-10B798589E08}
		{904D720F-2A3A-3A2F-A206-565BB8BC04F0} = {FB818DDC-7216-3D88-AB7E-513E03529637}
		{0629842D-3532-3162-9FF9-6BDDE06D6DB5} = {FB818DDC-7216-3D88-AB7E-513E03529637}
		{B1B3B5C2-E2F3-35F5-BE7F-E0B6E8453DA4} = {FB818DDC-7216-3D88-AB7E-513E03529637}
		{60F80182-EF1D-3CAA-9FFE-F1E26EB57229} = {FB818DDC-7216-3D88-AB7E-513E03529637}
		{F8D10019-0637-3489-AE05-EF3E9AB50CBE} = {FB818DDC-7216-3D88-AB7E-513E03529637}
		{2B4E9400-D58E-343E-B0C3-C7A46B39BC86} = {FB818DDC-7216-3D88-AB7E-513E03529637}
	EndGlobalSection
EndGlobal
