<?xml version="1.0" encoding="utf-8"?>
<Project ToolsVersion="4.0" xmlns="http://schemas.microsoft.com/developer/msbuild/2003">
  <ItemGroup>
    <ClInclude Include="..\include\SFGE\Animation.h">
      <Filter>GraphicManagement</Filter>
    </ClInclude>
    <ClInclude Include="..\include\SFGE\AnimationDesc.h">
      <Filter>GraphicManagement</Filter>
    </ClInclude>
    <ClInclude Include="..\include\SFGE\Button.h">
      <Filter>GuiManagement</Filter>
    </ClInclude>
    <ClInclude Include="..\include\SFGE\CheckBox.h">
      <Filter>GuiManagement</Filter>
    </ClInclude>
    <ClInclude Include="..\include\SFGE\Err.h">
      <Filter>Common</Filter>
    </ClInclude>
    <ClInclude Include="..\include\SFGE\File.h">
      <Filter>ResourceManagement</Filter>
    </ClInclude>
    <ClInclude Include="..\include\SFGE\DistortionMesh.h">
      <Filter>GraphicManagement</Filter>
    </ClInclude>
    <ClInclude Include="..\include\SFGE\Frame.h">
      <Filter>GuiManagement</Filter>
    </ClInclude>
    <ClInclude Include="..\include\SFGE\GEDevice.h">
      <Filter>Common</Filter>
    </ClInclude>
    <ClInclude Include="..\include\SFGE\GridBox.h">
      <Filter>GuiManagement</Filter>
    </ClInclude>
    <ClInclude Include="..\include\SFGE\GuiElement.h">
      <Filter>GuiManagement</Filter>
    </ClInclude>
    <ClInclude Include="..\include\SFGE\GuiManager.h">
      <Filter>GuiManagement</Filter>
    </ClInclude>
    <ClInclude Include="..\include\SFGE\Label.h">
      <Filter>GuiManagement</Filter>
    </ClInclude>
    <ClInclude Include="..\include\SFGE\LineEdit.h">
      <Filter>GuiManagement</Filter>
    </ClInclude>
    <ClInclude Include="..\include\SFGE\Panel.h">
      <Filter>GraphicManagement</Filter>
    </ClInclude>
    <ClInclude Include="..\include\SFGE\ParticleSystem.h">
      <Filter>GraphicManagement</Filter>
    </ClInclude>
    <ClInclude Include="..\include\SFGE\RenderRect.h">
      <Filter>GraphicManagement</Filter>
    </ClInclude>
    <ClInclude Include="..\include\SFGE\ResourceManager.h">
      <Filter>ResourceManagement</Filter>
    </ClInclude>
    <ClInclude Include="..\include\SFGE\TextParser.h">
      <Filter>ResourceManagement</Filter>
    </ClInclude>
    <ClInclude Include="..\include\SFGE\Slider.h">
      <Filter>GuiManagement</Filter>
    </ClInclude>
    <ClInclude Include="..\include\SFGE\SpriteDesc.h">
      <Filter>GraphicManagement</Filter>
    </ClInclude>
    <ClInclude Include="..\include\SFGE\StackedWidget.h">
      <Filter>GuiManagement</Filter>
    </ClInclude>
    <ClInclude Include="..\include\SFGE\StringTable.h">
      <Filter>ResourceManagement</Filter>
    </ClInclude>
    <ClInclude Include="..\include\SFGE\TextList.h">
      <Filter>GuiManagement</Filter>
    </ClInclude>
    <ClInclude Include="..\include\SFGE\Unicode.h">
      <Filter>Common</Filter>
    </ClInclude>
    <ClInclude Include="..\include\SFGE\Widget.h">
      <Filter>GuiManagement</Filter>
    </ClInclude>
    <ClInclude Include="..\include\SFGE\Field.h">
      <Filter>GuiManagement</Filter>
    </ClInclude>
    <ClInclude Include="ResourceLoader.h">
      <Filter>ResourceManagement</Filter>
    </ClInclude>
    <ClInclude Include="ResourceParser.h">
      <Filter>ResourceManagement</Filter>
    </ClInclude>
    <ClInclude Include="..\include\SFGE\ArchiveManager.h">
      <Filter>DataStream</Filter>
    </ClInclude>
    <ClInclude Include="..\include\SFGE\FileInputStream.h">
      <Filter>DataStream</Filter>
    </ClInclude>
    <ClInclude Include="..\include\SFGE\ResourceInputStream.h">
      <Filter>DataStream</Filter>
    </ClInclude>
    <ClInclude Include="..\include\SFGE\PullDownMenu.h">
      <Filter>GuiManagement</Filter>
    </ClInclude>
    <ClInclude Include="..\include\SFGE\MenuItem.h">
      <Filter>GuiManagement</Filter>
    </ClInclude>
    <ClInclude Include="..\include\SFGE\MenuBar.h">
      <Filter>GuiManagement</Filter>
    </ClInclude>
    <ClInclude Include="..\include\SFGE\MemoryInputStream.h">
      <Filter>DataStream</Filter>
    </ClInclude>
    <ClInclude Include="..\include\SFGE\FileOutputStream.h">
      <Filter>DataStream</Filter>
    </ClInclude>
    <ClInclude Include="..\include\SFGE\Config.h">
      <Filter>Common</Filter>
    </ClInclude>
    <ClInclude Include="..\include\SFGE\DataOutputStream.h">
      <Filter>DataStream</Filter>
    </ClInclude>
    <ClInclude Include="..\include\SFGE\MemoryOutputStream.h">
      <Filter>DataStream</Filter>
    </ClInclude>
  </ItemGroup>
  <ItemGroup>
    <ClCompile Include="Animation.cpp">
      <Filter>GraphicManagement</Filter>
    </ClCompile>
    <ClCompile Include="Err.cpp">
      <Filter>Common</Filter>
    </ClCompile>
    <ClCompile Include="File.cpp">
      <Filter>ResourceManagement</Filter>
    </ClCompile>
    <ClCompile Include="Button.cpp">
      <Filter>GuiManagement</Filter>
    </ClCompile>
    <ClCompile Include="CheckBox.cpp">
      <Filter>GuiManagement</Filter>
    </ClCompile>
    <ClCompile Include="GEDevice.cpp">
      <Filter>Common</Filter>
    </ClCompile>
    <ClCompile Include="GuiManager.cpp">
      <Filter>GuiManagement</Filter>
    </ClCompile>
    <ClCompile Include="Label.cpp">
      <Filter>GuiManagement</Filter>
    </ClCompile>
    <ClCompile Include="LineEdit.cpp">
      <Filter>GuiManagement</Filter>
    </ClCompile>
    <ClCompile Include="Panel.cpp">
      <Filter>GraphicManagement</Filter>
    </ClCompile>
    <ClCompile Include="RenderRect.cpp">
      <Filter>GraphicManagement</Filter>
    </ClCompile>
    <ClCompile Include="ResourceManager.cpp">
      <Filter>ResourceManagement</Filter>
    </ClCompile>
    <ClCompile Include="ResourceParser.cpp">
      <Filter>ResourceManagement</Filter>
    </ClCompile>
    <ClCompile Include="Slider.cpp">
      <Filter>GuiManagement</Filter>
    </ClCompile>
    <ClCompile Include="TextList.cpp">
      <Filter>GuiManagement</Filter>
    </ClCompile>
    <ClCompile Include="TextParser.cpp">
      <Filter>ResourceManagement</Filter>
    </ClCompile>
    <ClCompile Include="Widget.cpp">
      <Filter>GuiManagement</Filter>
    </ClCompile>
    <ClCompile Include="StackedWidget.cpp">
      <Filter>GuiManagement</Filter>
    </ClCompile>
    <ClCompile Include="GridBox.cpp">
      <Filter>GuiManagement</Filter>
    </ClCompile>
    <ClCompile Include="ResourceLoader.cpp">
      <Filter>ResourceManagement</Filter>
    </ClCompile>
    <ClCompile Include="Frame.cpp">
      <Filter>GuiManagement</Filter>
    </ClCompile>
    <ClCompile Include="Field.cpp">
      <Filter>GuiManagement</Filter>
    </ClCompile>
    <ClCompile Include="ArchiveManager.cpp">
      <Filter>DataStream</Filter>
    </ClCompile>
    <ClCompile Include="FileInputStream.cpp">
      <Filter>DataStream</Filter>
    </ClCompile>
    <ClCompile Include="PullDownMenu.cpp">
      <Filter>GuiManagement</Filter>
    </ClCompile>
    <ClCompile Include="MenuBar.cpp">
      <Filter>GuiManagement</Filter>
    </ClCompile>
    <ClCompile Include="MemoryInputStream.cpp">
      <Filter>DataStream</Filter>
    </ClCompile>
    <ClCompile Include="FileOutputStream.cpp">
      <Filter>DataStream</Filter>
    </ClCompile>
    <ClCompile Include="MemoryOutputStream.cpp">
      <Filter>DataStream</Filter>
    </ClCompile>
    <ClCompile Include="StringTable.cpp">
      <Filter>ResourceManagement</Filter>
    </ClCompile>
  </ItemGroup>
  <ItemGroup>
    <Filter Include="Common">
      <UniqueIdentifier>{87e522fb-601e-4014-8fc5-daaaf0aa8ba8}</UniqueIdentifier>
    </Filter>
    <Filter Include="ResourceManagement">
      <UniqueIdentifier>{059b7e4e-20e8-427a-853d-568b53270140}</UniqueIdentifier>
    </Filter>
    <Filter Include="GraphicManagement">
      <UniqueIdentifier>{a75dcbb6-e832-4f75-b755-965943fabf79}</UniqueIdentifier>
    </Filter>
    <Filter Include="GuiManagement">
      <UniqueIdentifier>{e5fdc29b-e77a-458a-b6fd-c5d4ef99917f}</UniqueIdentifier>
    </Filter>
    <Filter Include="DataStream">
      <UniqueIdentifier>{f615350d-f956-4723-8355-58b64afa3bb3}</UniqueIdentifier>
    </Filter>
  </ItemGroup>
</Project>